// !$*UTF8*$!
{
	archiveVersion = 1;
	classes = {
	};
	objectVersion = 45;
	objects = {

/* Begin PBXBuildFile section */
		11CDDCB4129340E600B6D956 /* GMPageViewController.m in Sources */ = {isa = PBXBuildFile; fileRef = 11CDDCA4129340E600B6D956 /* GMPageViewController.m */; };
		11CDDCB5129340E600B6D956 /* GMTouchView.m in Sources */ = {isa = PBXBuildFile; fileRef = 11CDDCA6129340E600B6D956 /* GMTouchView.m */; };
		11CDDCB6129340E600B6D956 /* GMTiltNotifier.m in Sources */ = {isa = PBXBuildFile; fileRef = 11CDDCA8129340E600B6D956 /* GMTiltNotifier.m */; };
		11CDDCB7129340E600B6D956 /* GMAnimation.m in Sources */ = {isa = PBXBuildFile; fileRef = 11CDDCAA129340E600B6D956 /* GMAnimation.m */; };
		11CDDCB8129340E600B6D956 /* GMAnimationSequencer.m in Sources */ = {isa = PBXBuildFile; fileRef = 11CDDCAC129340E600B6D956 /* GMAnimationSequencer.m */; };
		11CDDCB9129340E600B6D956 /* GMAnimationView.m in Sources */ = {isa = PBXBuildFile; fileRef = 11CDDCAE129340E600B6D956 /* GMAnimationView.m */; };
		11CDDCBA129340E600B6D956 /* GMTextView.m in Sources */ = {isa = PBXBuildFile; fileRef = 11CDDCB0129340E600B6D956 /* GMTextView.m */; };
		11CDDCBB129340E600B6D956 /* UIImage-Alpha.m in Sources */ = {isa = PBXBuildFile; fileRef = 11CDDCB2129340E600B6D956 /* UIImage-Alpha.m */; };
		11CDDCBD129340F100B6D956 /* Glimmer-Animation.plist in Resources */ = {isa = PBXBuildFile; fileRef = 11CDDCBC129340F100B6D956 /* Glimmer-Animation.plist */; };
		11CDDCCB1293412600B6D956 /* page 1_tapSquare.png in Resources */ = {isa = PBXBuildFile; fileRef = 11CDDCC11293412600B6D956 /* page 1_tapSquare.png */; };
		11CDDCCC1293412600B6D956 /* page 1_tapSquareReal.mov in Resources */ = {isa = PBXBuildFile; fileRef = 11CDDCC21293412600B6D956 /* page 1_tapSquareReal.mov */; };
		11CDDCCF1293412600B6D956 /* page 1_default.png in Resources */ = {isa = PBXBuildFile; fileRef = 11CDDCC51293412600B6D956 /* page 1_default.png */; };
		11CDDCD11293412600B6D956 /* page 2_tapFriends.mov in Resources */ = {isa = PBXBuildFile; fileRef = 11CDDCC71293412600B6D956 /* page 2_tapFriends.mov */; };
		11CDDCD21293412600B6D956 /* page 2_default.png in Resources */ = {isa = PBXBuildFile; fileRef = 11CDDCC81293412600B6D956 /* page 2_default.png */; };
		11CDDCD5129342B700B6D956 /* cover_default.png in Resources */ = {isa = PBXBuildFile; fileRef = 11CDDCD4129342B700B6D956 /* cover_default.png */; };
		11CDDE2A1293565500B6D956 /* GMPageViewController.xib in Resources */ = {isa = PBXBuildFile; fileRef = 11CDDE291293565500B6D956 /* GMPageViewController.xib */; };
		11CDDE85129364FC00B6D956 /* AmericanTypewriter in Resources */ = {isa = PBXBuildFile; fileRef = 11CDDE84129364FC00B6D956 /* AmericanTypewriter */; };
		11CDDF0E1293755900B6D956 /* page 2_tapFriends.png in Resources */ = {isa = PBXBuildFile; fileRef = 11CDDF0D1293755900B6D956 /* page 2_tapFriends.png */; };
		11CDDF2012938F4A00B6D956 /* page 1_tiltRight.mov in Resources */ = {isa = PBXBuildFile; fileRef = 11CDDF1F12938F4A00B6D956 /* page 1_tiltRight.mov */; };
		11CDDF2D129455D800B6D956 /* page 1_tapSquare.mov in Resources */ = {isa = PBXBuildFile; fileRef = 11CDDF2C129455D800B6D956 /* page 1_tapSquare.mov */; };
		11CDDF3E1294570100B6D956 /* page 1_tiltLeft.mov in Resources */ = {isa = PBXBuildFile; fileRef = 11CDDF3D1294570100B6D956 /* page 1_tiltLeft.mov */; };
		11CDE13012946AA500B6D956 /* SquareBook.xcdatamodeld in Sources */ = {isa = PBXBuildFile; fileRef = 11CDE12E12946AA500B6D956 /* SquareBook.xcdatamodeld */; };
		11CDE19212947B5F00B6D956 /* page 1.aiff in Resources */ = {isa = PBXBuildFile; fileRef = 11CDE19012947B5F00B6D956 /* page 1.aiff */; };
		11CDE19312947B5F00B6D956 /* page 2.aiff in Resources */ = {isa = PBXBuildFile; fileRef = 11CDE19112947B5F00B6D956 /* page 2.aiff */; };
		11CDE1CB1294942E00B6D956 /* MediaPlayer.framework in Frameworks */ = {isa = PBXBuildFile; fileRef = 11CDE1CA1294942E00B6D956 /* MediaPlayer.framework */; };
		11CDE1CD1294943500B6D956 /* AVFoundation.framework in Frameworks */ = {isa = PBXBuildFile; fileRef = 11CDE1CC1294943500B6D956 /* AVFoundation.framework */; };
		11CDE1D51294944A00B6D956 /* CoreText.framework in Frameworks */ = {isa = PBXBuildFile; fileRef = 11CDE1D41294944A00B6D956 /* CoreText.framework */; };
		11CDE1DB1294945C00B6D956 /* CoreData.framework in Frameworks */ = {isa = PBXBuildFile; fileRef = 11CDE1DA1294945C00B6D956 /* CoreData.framework */; };
		11CDE1E11294946B00B6D956 /* QuartzCore.framework in Frameworks */ = {isa = PBXBuildFile; fileRef = 11CDE1E01294946B00B6D956 /* QuartzCore.framework */; };
		1D3623260D0F684500981E51 /* SquareBookAppDelegate.m in Sources */ = {isa = PBXBuildFile; fileRef = 1D3623250D0F684500981E51 /* SquareBookAppDelegate.m */; };
		1D60589B0D05DD56006BFB54 /* main.m in Sources */ = {isa = PBXBuildFile; fileRef = 29B97316FDCFA39411CA2CEA /* main.m */; };
		1D60589F0D05DD5A006BFB54 /* Foundation.framework in Frameworks */ = {isa = PBXBuildFile; fileRef = 1D30AB110D05D00D00671497 /* Foundation.framework */; };
		1DF5F4E00D08C38300B7A737 /* UIKit.framework in Frameworks */ = {isa = PBXBuildFile; fileRef = 1DF5F4DF0D08C38300B7A737 /* UIKit.framework */; };
		288765FD0DF74451002DB57D /* CoreGraphics.framework in Frameworks */ = {isa = PBXBuildFile; fileRef = 288765FC0DF74451002DB57D /* CoreGraphics.framework */; };
		28AD733F0D9D9553002E5188 /* MainWindow.xib in Resources */ = {isa = PBXBuildFile; fileRef = 28AD733E0D9D9553002E5188 /* MainWindow.xib */; };
/* End PBXBuildFile section */

/* Begin PBXFileReference section */
		11CDDCA3129340E600B6D956 /* GMPageViewController.h */ = {isa = PBXFileReference; fileEncoding = 4; lastKnownFileType = sourcecode.c.h; path = GMPageViewController.h; sourceTree = "<group>"; };
		11CDDCA4129340E600B6D956 /* GMPageViewController.m */ = {isa = PBXFileReference; fileEncoding = 4; lastKnownFileType = sourcecode.c.objc; path = GMPageViewController.m; sourceTree = "<group>"; };
		11CDDCA5129340E600B6D956 /* GMTouchView.h */ = {isa = PBXFileReference; fileEncoding = 4; lastKnownFileType = sourcecode.c.h; path = GMTouchView.h; sourceTree = "<group>"; };
		11CDDCA6129340E600B6D956 /* GMTouchView.m */ = {isa = PBXFileReference; fileEncoding = 4; lastKnownFileType = sourcecode.c.objc; path = GMTouchView.m; sourceTree = "<group>"; };
		11CDDCA7129340E600B6D956 /* GMTiltNotifier.h */ = {isa = PBXFileReference; fileEncoding = 4; lastKnownFileType = sourcecode.c.h; path = GMTiltNotifier.h; sourceTree = "<group>"; };
		11CDDCA8129340E600B6D956 /* GMTiltNotifier.m */ = {isa = PBXFileReference; fileEncoding = 4; lastKnownFileType = sourcecode.c.objc; path = GMTiltNotifier.m; sourceTree = "<group>"; };
		11CDDCA9129340E600B6D956 /* GMAnimation.h */ = {isa = PBXFileReference; fileEncoding = 4; lastKnownFileType = sourcecode.c.h; path = GMAnimation.h; sourceTree = "<group>"; };
		11CDDCAA129340E600B6D956 /* GMAnimation.m */ = {isa = PBXFileReference; fileEncoding = 4; lastKnownFileType = sourcecode.c.objc; path = GMAnimation.m; sourceTree = "<group>"; };
		11CDDCAB129340E600B6D956 /* GMAnimationSequencer.h */ = {isa = PBXFileReference; fileEncoding = 4; lastKnownFileType = sourcecode.c.h; path = GMAnimationSequencer.h; sourceTree = "<group>"; };
		11CDDCAC129340E600B6D956 /* GMAnimationSequencer.m */ = {isa = PBXFileReference; fileEncoding = 4; lastKnownFileType = sourcecode.c.objc; path = GMAnimationSequencer.m; sourceTree = "<group>"; };
		11CDDCAD129340E600B6D956 /* GMAnimationView.h */ = {isa = PBXFileReference; fileEncoding = 4; lastKnownFileType = sourcecode.c.h; path = GMAnimationView.h; sourceTree = "<group>"; };
		11CDDCAE129340E600B6D956 /* GMAnimationView.m */ = {isa = PBXFileReference; fileEncoding = 4; lastKnownFileType = sourcecode.c.objc; path = GMAnimationView.m; sourceTree = "<group>"; };
		11CDDCAF129340E600B6D956 /* GMTextView.h */ = {isa = PBXFileReference; fileEncoding = 4; lastKnownFileType = sourcecode.c.h; path = GMTextView.h; sourceTree = "<group>"; };
		11CDDCB0129340E600B6D956 /* GMTextView.m */ = {isa = PBXFileReference; fileEncoding = 4; lastKnownFileType = sourcecode.c.objc; path = GMTextView.m; sourceTree = "<group>"; };
		11CDDCB1129340E600B6D956 /* UIImage-Alpha.h */ = {isa = PBXFileReference; fileEncoding = 4; lastKnownFileType = sourcecode.c.h; path = "UIImage-Alpha.h"; sourceTree = "<group>"; };
		11CDDCB2129340E600B6D956 /* UIImage-Alpha.m */ = {isa = PBXFileReference; fileEncoding = 4; lastKnownFileType = sourcecode.c.objc; path = "UIImage-Alpha.m"; sourceTree = "<group>"; };
		11CDDCBC129340F100B6D956 /* Glimmer-Animation.plist */ = {isa = PBXFileReference; fileEncoding = 4; lastKnownFileType = text.plist.xml; path = "Glimmer-Animation.plist"; sourceTree = "<group>"; };
		11CDDCC11293412600B6D956 /* page 1_tapSquare.png */ = {isa = PBXFileReference; lastKnownFileType = image.png; path = "page 1_tapSquare.png"; sourceTree = "<group>"; };
		11CDDCC21293412600B6D956 /* page 1_tapSquareReal.mov */ = {isa = PBXFileReference; lastKnownFileType = video.quicktime; path = "page 1_tapSquareReal.mov"; sourceTree = "<group>"; };
		11CDDCC51293412600B6D956 /* page 1_default.png */ = {isa = PBXFileReference; lastKnownFileType = image.png; path = "page 1_default.png"; sourceTree = "<group>"; };
		11CDDCC71293412600B6D956 /* page 2_tapFriends.mov */ = {isa = PBXFileReference; lastKnownFileType = video.quicktime; path = "page 2_tapFriends.mov"; sourceTree = "<group>"; };
		11CDDCC81293412600B6D956 /* page 2_default.png */ = {isa = PBXFileReference; lastKnownFileType = image.png; path = "page 2_default.png"; sourceTree = "<group>"; };
		11CDDCD4129342B700B6D956 /* cover_default.png */ = {isa = PBXFileReference; lastKnownFileType = image.png; path = cover_default.png; sourceTree = "<group>"; };
		11CDDE291293565500B6D956 /* GMPageViewController.xib */ = {isa = PBXFileReference; lastKnownFileType = file.xib; path = GMPageViewController.xib; sourceTree = "<group>"; };
		11CDDE84129364FC00B6D956 /* AmericanTypewriter */ = {isa = PBXFileReference; fileEncoding = 4; lastKnownFileType = text; path = AmericanTypewriter; sourceTree = "<group>"; };
		11CDDF0D1293755900B6D956 /* page 2_tapFriends.png */ = {isa = PBXFileReference; lastKnownFileType = image.png; path = "page 2_tapFriends.png"; sourceTree = "<group>"; };
		11CDDF1F12938F4A00B6D956 /* page 1_tiltRight.mov */ = {isa = PBXFileReference; lastKnownFileType = video.quicktime; path = "page 1_tiltRight.mov"; sourceTree = "<group>"; };
		11CDDF2C129455D800B6D956 /* page 1_tapSquare.mov */ = {isa = PBXFileReference; lastKnownFileType = video.quicktime; path = "page 1_tapSquare.mov"; sourceTree = "<group>"; };
		11CDDF3D1294570100B6D956 /* page 1_tiltLeft.mov */ = {isa = PBXFileReference; lastKnownFileType = video.quicktime; path = "page 1_tiltLeft.mov"; sourceTree = "<group>"; };
		11CDE12F12946AA500B6D956 /* SquareBook.xcdatamodel */ = {isa = PBXFileReference; fileEncoding = 4; lastKnownFileType = wrapper.xcdatamodel; path = SquareBook.xcdatamodel; sourceTree = "<group>"; };
		11CDE19012947B5F00B6D956 /* page 1.aiff */ = {isa = PBXFileReference; lastKnownFileType = audio.aiff; path = "page 1.aiff"; sourceTree = "<group>"; };
		11CDE19112947B5F00B6D956 /* page 2.aiff */ = {isa = PBXFileReference; lastKnownFileType = audio.aiff; path = "page 2.aiff"; sourceTree = "<group>"; };
		11CDE1CA1294942E00B6D956 /* MediaPlayer.framework */ = {isa = PBXFileReference; lastKnownFileType = wrapper.framework; name = MediaPlayer.framework; path = System/Library/Frameworks/MediaPlayer.framework; sourceTree = SDKROOT; };
		11CDE1CC1294943500B6D956 /* AVFoundation.framework */ = {isa = PBXFileReference; lastKnownFileType = wrapper.framework; name = AVFoundation.framework; path = System/Library/Frameworks/AVFoundation.framework; sourceTree = SDKROOT; };
		11CDE1D41294944A00B6D956 /* CoreText.framework */ = {isa = PBXFileReference; lastKnownFileType = wrapper.framework; name = CoreText.framework; path = System/Library/Frameworks/CoreText.framework; sourceTree = SDKROOT; };
		11CDE1DA1294945C00B6D956 /* CoreData.framework */ = {isa = PBXFileReference; lastKnownFileType = wrapper.framework; name = CoreData.framework; path = System/Library/Frameworks/CoreData.framework; sourceTree = SDKROOT; };
		11CDE1E01294946B00B6D956 /* QuartzCore.framework */ = {isa = PBXFileReference; lastKnownFileType = wrapper.framework; name = QuartzCore.framework; path = System/Library/Frameworks/QuartzCore.framework; sourceTree = SDKROOT; };
		1D30AB110D05D00D00671497 /* Foundation.framework */ = {isa = PBXFileReference; lastKnownFileType = wrapper.framework; name = Foundation.framework; path = System/Library/Frameworks/Foundation.framework; sourceTree = SDKROOT; };
		1D3623240D0F684500981E51 /* SquareBookAppDelegate.h */ = {isa = PBXFileReference; fileEncoding = 4; lastKnownFileType = sourcecode.c.h; path = SquareBookAppDelegate.h; sourceTree = "<group>"; };
		1D3623250D0F684500981E51 /* SquareBookAppDelegate.m */ = {isa = PBXFileReference; fileEncoding = 4; lastKnownFileType = sourcecode.c.objc; path = SquareBookAppDelegate.m; sourceTree = "<group>"; };
		1D6058910D05DD3D006BFB54 /* SquareBook.app */ = {isa = PBXFileReference; explicitFileType = wrapper.application; includeInIndex = 0; path = SquareBook.app; sourceTree = BUILT_PRODUCTS_DIR; };
		1DF5F4DF0D08C38300B7A737 /* UIKit.framework */ = {isa = PBXFileReference; lastKnownFileType = wrapper.framework; name = UIKit.framework; path = System/Library/Frameworks/UIKit.framework; sourceTree = SDKROOT; };
		288765FC0DF74451002DB57D /* CoreGraphics.framework */ = {isa = PBXFileReference; lastKnownFileType = wrapper.framework; name = CoreGraphics.framework; path = System/Library/Frameworks/CoreGraphics.framework; sourceTree = SDKROOT; };
		28AD733E0D9D9553002E5188 /* MainWindow.xib */ = {isa = PBXFileReference; lastKnownFileType = file.xib; path = MainWindow.xib; sourceTree = "<group>"; };
		29B97316FDCFA39411CA2CEA /* main.m */ = {isa = PBXFileReference; fileEncoding = 4; lastKnownFileType = sourcecode.c.objc; path = main.m; sourceTree = "<group>"; };
		32CA4F630368D1EE00C91783 /* SquareBook_Prefix.pch */ = {isa = PBXFileReference; fileEncoding = 4; lastKnownFileType = sourcecode.c.h; path = SquareBook_Prefix.pch; sourceTree = "<group>"; };
		8D1107310486CEB800E47090 /* SquareBook-Info.plist */ = {isa = PBXFileReference; fileEncoding = 4; lastKnownFileType = text.plist.xml; path = "SquareBook-Info.plist"; plistStructureDefinitionIdentifier = "com.apple.xcode.plist.structure-definition.iphone.info-plist"; sourceTree = "<group>"; };
/* End PBXFileReference section */

/* Begin PBXFrameworksBuildPhase section */
		1D60588F0D05DD3D006BFB54 /* Frameworks */ = {
			isa = PBXFrameworksBuildPhase;
			buildActionMask = 2147483647;
			files = (
				1D60589F0D05DD5A006BFB54 /* Foundation.framework in Frameworks */,
				1DF5F4E00D08C38300B7A737 /* UIKit.framework in Frameworks */,
				288765FD0DF74451002DB57D /* CoreGraphics.framework in Frameworks */,
				11CDE1CB1294942E00B6D956 /* MediaPlayer.framework in Frameworks */,
				11CDE1CD1294943500B6D956 /* AVFoundation.framework in Frameworks */,
				11CDE1D51294944A00B6D956 /* CoreText.framework in Frameworks */,
				11CDE1DB1294945C00B6D956 /* CoreData.framework in Frameworks */,
				11CDE1E11294946B00B6D956 /* QuartzCore.framework in Frameworks */,
			);
			runOnlyForDeploymentPostprocessing = 0;
		};
/* End PBXFrameworksBuildPhase section */

/* Begin PBXGroup section */
		080E96DDFE201D6D7F000001 /* Classes */ = {
			isa = PBXGroup;
			children = (
				1D3623240D0F684500981E51 /* SquareBookAppDelegate.h */,
				1D3623250D0F684500981E51 /* SquareBookAppDelegate.m */,
			);
			path = Classes;
			sourceTree = "<group>";
		};
		11CDDCA0129340C900B6D956 /* Glimmer */ = {
			isa = PBXGroup;
			children = (
				11CDDCA3129340E600B6D956 /* GMPageViewController.h */,
				11CDDCA4129340E600B6D956 /* GMPageViewController.m */,
				11CDDCA5129340E600B6D956 /* GMTouchView.h */,
				11CDDCA6129340E600B6D956 /* GMTouchView.m */,
				11CDDCA7129340E600B6D956 /* GMTiltNotifier.h */,
				11CDDCA8129340E600B6D956 /* GMTiltNotifier.m */,
				11CDDCA9129340E600B6D956 /* GMAnimation.h */,
				11CDDCAA129340E600B6D956 /* GMAnimation.m */,
				11CDDCAB129340E600B6D956 /* GMAnimationSequencer.h */,
				11CDDCAC129340E600B6D956 /* GMAnimationSequencer.m */,
				11CDDCAD129340E600B6D956 /* GMAnimationView.h */,
				11CDDCAE129340E600B6D956 /* GMAnimationView.m */,
				11CDDCAF129340E600B6D956 /* GMTextView.h */,
				11CDDCB0129340E600B6D956 /* GMTextView.m */,
				11CDDCB1129340E600B6D956 /* UIImage-Alpha.h */,
				11CDDCB2129340E600B6D956 /* UIImage-Alpha.m */,
				11CDDE291293565500B6D956 /* GMPageViewController.xib */,
			);
			name = Glimmer;
			sourceTree = "<group>";
		};
		19C28FACFE9D520D11CA2CBB /* Products */ = {
			isa = PBXGroup;
			children = (
				1D6058910D05DD3D006BFB54 /* SquareBook.app */,
			);
			name = Products;
			sourceTree = "<group>";
		};
		29B97314FDCFA39411CA2CEA /* CustomTemplate */ = {
			isa = PBXGroup;
			children = (
				11CDDCA0129340C900B6D956 /* Glimmer */,
				080E96DDFE201D6D7F000001 /* Classes */,
				29B97315FDCFA39411CA2CEA /* Other Sources */,
				29B97317FDCFA39411CA2CEA /* Resources */,
				29B97323FDCFA39411CA2CEA /* Frameworks */,
				19C28FACFE9D520D11CA2CBB /* Products */,
			);
			name = CustomTemplate;
			sourceTree = "<group>";
		};
		29B97315FDCFA39411CA2CEA /* Other Sources */ = {
			isa = PBXGroup;
			children = (
				32CA4F630368D1EE00C91783 /* SquareBook_Prefix.pch */,
				29B97316FDCFA39411CA2CEA /* main.m */,
			);
			name = "Other Sources";
			sourceTree = "<group>";
		};
		29B97317FDCFA39411CA2CEA /* Resources */ = {
			isa = PBXGroup;
			children = (
				11CDE19012947B5F00B6D956 /* page 1.aiff */,
				11CDE19112947B5F00B6D956 /* page 2.aiff */,
				11CDE12E12946AA500B6D956 /* SquareBook.xcdatamodeld */,
				11CDDF3D1294570100B6D956 /* page 1_tiltLeft.mov */,
				11CDDF2C129455D800B6D956 /* page 1_tapSquare.mov */,
				11CDDF0D1293755900B6D956 /* page 2_tapFriends.png */,
				11CDDE84129364FC00B6D956 /* AmericanTypewriter */,
				11CDDCD4129342B700B6D956 /* cover_default.png */,
				11CDDF1F12938F4A00B6D956 /* page 1_tiltRight.mov */,
				11CDDCC11293412600B6D956 /* page 1_tapSquare.png */,
				11CDDCC21293412600B6D956 /* page 1_tapSquareReal.mov */,
				11CDDCC51293412600B6D956 /* page 1_default.png */,
				11CDDCC71293412600B6D956 /* page 2_tapFriends.mov */,
				11CDDCC81293412600B6D956 /* page 2_default.png */,
				28AD733E0D9D9553002E5188 /* MainWindow.xib */,
				11CDDCBC129340F100B6D956 /* Glimmer-Animation.plist */,
				8D1107310486CEB800E47090 /* SquareBook-Info.plist */,
			);
			name = Resources;
			sourceTree = "<group>";
		};
		29B97323FDCFA39411CA2CEA /* Frameworks */ = {
			isa = PBXGroup;
			children = (
				1DF5F4DF0D08C38300B7A737 /* UIKit.framework */,
				1D30AB110D05D00D00671497 /* Foundation.framework */,
				288765FC0DF74451002DB57D /* CoreGraphics.framework */,
				11CDE1CA1294942E00B6D956 /* MediaPlayer.framework */,
				11CDE1CC1294943500B6D956 /* AVFoundation.framework */,
				11CDE1D41294944A00B6D956 /* CoreText.framework */,
				11CDE1DA1294945C00B6D956 /* CoreData.framework */,
				11CDE1E01294946B00B6D956 /* QuartzCore.framework */,
			);
			name = Frameworks;
			sourceTree = "<group>";
		};
/* End PBXGroup section */

/* Begin PBXNativeTarget section */
		1D6058900D05DD3D006BFB54 /* SquareBook */ = {
			isa = PBXNativeTarget;
			buildConfigurationList = 1D6058960D05DD3E006BFB54 /* Build configuration list for PBXNativeTarget "SquareBook" */;
			buildPhases = (
				1D60588D0D05DD3D006BFB54 /* Resources */,
				1D60588E0D05DD3D006BFB54 /* Sources */,
				1D60588F0D05DD3D006BFB54 /* Frameworks */,
			);
			buildRules = (
			);
			dependencies = (
			);
			name = SquareBook;
			productName = SquareBook;
			productReference = 1D6058910D05DD3D006BFB54 /* SquareBook.app */;
			productType = "com.apple.product-type.application";
		};
/* End PBXNativeTarget section */

/* Begin PBXProject section */
		29B97313FDCFA39411CA2CEA /* Project object */ = {
			isa = PBXProject;
			buildConfigurationList = C01FCF4E08A954540054247B /* Build configuration list for PBXProject "SquareBook" */;
			compatibilityVersion = "Xcode 3.1";
			developmentRegion = English;
			hasScannedForEncodings = 1;
			knownRegions = (
				English,
				Japanese,
				French,
				German,
			);
			mainGroup = 29B97314FDCFA39411CA2CEA /* CustomTemplate */;
			projectDirPath = "";
			projectRoot = "";
			targets = (
				1D6058900D05DD3D006BFB54 /* SquareBook */,
			);
		};
/* End PBXProject section */

/* Begin PBXResourcesBuildPhase section */
		1D60588D0D05DD3D006BFB54 /* Resources */ = {
			isa = PBXResourcesBuildPhase;
			buildActionMask = 2147483647;
			files = (
				28AD733F0D9D9553002E5188 /* MainWindow.xib in Resources */,
				11CDDCBD129340F100B6D956 /* Glimmer-Animation.plist in Resources */,
				11CDDCCB1293412600B6D956 /* page 1_tapSquare.png in Resources */,
				11CDDCCC1293412600B6D956 /* page 1_tapSquareReal.mov in Resources */,
				11CDDCCF1293412600B6D956 /* page 1_default.png in Resources */,
				11CDDCD11293412600B6D956 /* page 2_tapFriends.mov in Resources */,
				11CDDCD21293412600B6D956 /* page 2_default.png in Resources */,
				11CDDCD5129342B700B6D956 /* cover_default.png in Resources */,
				11CDDE2A1293565500B6D956 /* GMPageViewController.xib in Resources */,
				11CDDE85129364FC00B6D956 /* AmericanTypewriter in Resources */,
				11CDDF0E1293755900B6D956 /* page 2_tapFriends.png in Resources */,
				11CDDF2012938F4A00B6D956 /* page 1_tiltRight.mov in Resources */,
				11CDDF2D129455D800B6D956 /* page 1_tapSquare.mov in Resources */,
				11CDDF3E1294570100B6D956 /* page 1_tiltLeft.mov in Resources */,
				11CDE19212947B5F00B6D956 /* page 1.aiff in Resources */,
				11CDE19312947B5F00B6D956 /* page 2.aiff in Resources */,
			);
			runOnlyForDeploymentPostprocessing = 0;
		};
/* End PBXResourcesBuildPhase section */

/* Begin PBXSourcesBuildPhase section */
		1D60588E0D05DD3D006BFB54 /* Sources */ = {
			isa = PBXSourcesBuildPhase;
			buildActionMask = 2147483647;
			files = (
				1D60589B0D05DD56006BFB54 /* main.m in Sources */,
				1D3623260D0F684500981E51 /* SquareBookAppDelegate.m in Sources */,
				11CDDCB4129340E600B6D956 /* GMPageViewController.m in Sources */,
				11CDDCB5129340E600B6D956 /* GMTouchView.m in Sources */,
				11CDDCB6129340E600B6D956 /* GMTiltNotifier.m in Sources */,
				11CDDCB7129340E600B6D956 /* GMAnimation.m in Sources */,
				11CDDCB8129340E600B6D956 /* GMAnimationSequencer.m in Sources */,
				11CDDCB9129340E600B6D956 /* GMAnimationView.m in Sources */,
				11CDDCBA129340E600B6D956 /* GMTextView.m in Sources */,
				11CDDCBB129340E600B6D956 /* UIImage-Alpha.m in Sources */,
				11CDE13012946AA500B6D956 /* SquareBook.xcdatamodeld in Sources */,
			);
			runOnlyForDeploymentPostprocessing = 0;
		};
/* End PBXSourcesBuildPhase section */

/* Begin XCBuildConfiguration section */
		1D6058940D05DD3E006BFB54 /* Debug */ = {
			isa = XCBuildConfiguration;
			buildSettings = {
				ALWAYS_SEARCH_USER_PATHS = NO;
				COPY_PHASE_STRIP = NO;
				FRAMEWORK_SEARCH_PATHS = (
					"$(inherited)",
					"\"$(SRCROOT)\"",
				);
				GCC_DYNAMIC_NO_PIC = NO;
				GCC_OPTIMIZATION_LEVEL = 0;
				GCC_PRECOMPILE_PREFIX_HEADER = YES;
				GCC_PREFIX_HEADER = SquareBook_Prefix.pch;
				INFOPLIST_FILE = "SquareBook-Info.plist";
				PRODUCT_NAME = SquareBook;
			};
			name = Debug;
		};
		1D6058950D05DD3E006BFB54 /* Release */ = {
			isa = XCBuildConfiguration;
			buildSettings = {
				ALWAYS_SEARCH_USER_PATHS = NO;
				COPY_PHASE_STRIP = YES;
				FRAMEWORK_SEARCH_PATHS = (
					"$(inherited)",
					"\"$(SRCROOT)\"",
				);
				GCC_PRECOMPILE_PREFIX_HEADER = YES;
				GCC_PREFIX_HEADER = SquareBook_Prefix.pch;
				INFOPLIST_FILE = "SquareBook-Info.plist";
				PRODUCT_NAME = SquareBook;
				VALIDATE_PRODUCT = YES;
			};
			name = Release;
		};
		C01FCF4F08A954540054247B /* Debug */ = {
			isa = XCBuildConfiguration;
			buildSettings = {
				ARCHS = "$(ARCHS_UNIVERSAL_IPHONE_OS)";
				"CODE_SIGN_IDENTITY[sdk=iphoneos*]" = "iPhone Developer";
				GCC_C_LANGUAGE_STANDARD = c99;
				GCC_VERSION = com.apple.compilers.llvm.clang.1_0;
				GCC_WARN_ABOUT_RETURN_TYPE = YES;
				GCC_WARN_UNUSED_VARIABLE = YES;
				PREBINDING = NO;
				SDKROOT = iphoneos4.2;
				TARGETED_DEVICE_FAMILY = 2;
			};
			name = Debug;
		};
		C01FCF5008A954540054247B /* Release */ = {
			isa = XCBuildConfiguration;
			buildSettings = {
				ARCHS = "$(ARCHS_UNIVERSAL_IPHONE_OS)";
				"CODE_SIGN_IDENTITY[sdk=iphoneos*]" = "iPhone Developer";
				GCC_C_LANGUAGE_STANDARD = c99;
				GCC_WARN_ABOUT_RETURN_TYPE = YES;
				GCC_WARN_UNUSED_VARIABLE = YES;
				OTHER_CFLAGS = "-DNS_BLOCK_ASSERTIONS=1";
				PREBINDING = NO;
				SDKROOT = iphoneos;
				TARGETED_DEVICE_FAMILY = 2;
			};
			name = Release;
		};
/* End XCBuildConfiguration section */

/* Begin XCConfigurationList section */
		1D6058960D05DD3E006BFB54 /* Build configuration list for PBXNativeTarget "SquareBook" */ = {
			isa = XCConfigurationList;
			buildConfigurations = (
				1D6058940D05DD3E006BFB54 /* Debug */,
				1D6058950D05DD3E006BFB54 /* Release */,
			);
			defaultConfigurationIsVisible = 0;
			defaultConfigurationName = Release;
		};
		C01FCF4E08A954540054247B /* Build configuration list for PBXProject "SquareBook" */ = {
			isa = XCConfigurationList;
			buildConfigurations = (
				C01FCF4F08A954540054247B /* Debug */,
				C01FCF5008A954540054247B /* Release */,
			);
			defaultConfigurationIsVisible = 0;
			defaultConfigurationName = Release;
		};
/* End XCConfigurationList section */

/* Begin XCVersionGroup section */
		11CDE12E12946AA500B6D956 /* SquareBook.xcdatamodeld */ = {
			isa = XCVersionGroup;
			children = (
				11CDE12F12946AA500B6D956 /* SquareBook.xcdatamodel */,
			);
			currentVersion = 11CDE12F12946AA500B6D956 /* SquareBook.xcdatamodel */;
			path = SquareBook.xcdatamodeld;
			sourceTree = "<group>";
			versionGroupType = wrapper.xcdatamodel;
		};
/* End XCVersionGroup section */
	};
	rootObject = 29B97313FDCFA39411CA2CEA /* Project object */;
}
